
Microsoft Visual Studio Solution File, Format Version 12.00
# Visual Studio Version 17
VisualStudioVersion = 17.9.34701.34
MinimumVisualStudioVersion = 10.0.40219.1
Project("{FAE04EC0-301F-11D3-BF4B-00C04F79EFBC}") = "task1", "task1.csproj", "{23FEBCBA-B7B7-4DE3-AF73-B5127F3B6A8F}"
EndProject
Global
	GlobalSection(SolutionConfigurationPlatforms) = preSolution
		Debug|Any CPU = Debug|Any CPU
		Release|Any CPU = Release|Any CPU
	EndGlobalSection
	GlobalSection(ProjectConfigurationPlatforms) = postSolution
		{23FEBCBA-B7B7-4DE3-AF73-B5127F3B6A8F}.Debug|Any CPU.ActiveCfg = Debug|Any CPU
		{23FEBCBA-B7B7-4DE3-AF73-B5127F3B6A8F}.Debug|Any CPU.Build.0 = Debug|Any CPU
		{23FEBCBA-B7B7-4DE3-AF73-B5127F3B6A8F}.Release|Any CPU.ActiveCfg = Release|Any CPU
		{23FEBCBA-B7B7-4DE3-AF73-B5127F3B6A8F}.Release|Any CPU.Build.0 = Release|Any CPU
	EndGlobalSection
	GlobalSection(SolutionProperties) = preSolution
		HideSolutionNode = FALSE
	EndGlobalSection
	GlobalSection(ExtensibilityGlobals) = postSolution
		SolutionGuid = {A67D786B-FA6D-4E5B-B39C-AFE459F8FECF}
	EndGlobalSection
EndGlobal
